
Microsoft Visual Studio Solution File, Format Version 12.00
# Visual Studio Version 16
VisualStudioVersion = 16.0.29609.76
MinimumVisualStudioVersion = 10.0.40219.1
Project("{FAE04EC0-301F-11D3-BF4B-00C04F79EFBC}") = "DFT_Epicycles", "DFT_Epicycles\DFT_Epicycles.csproj", "{DCD77B89-49C3-43E6-92AD-20DF9F2E3988}"
EndProject
Global
	GlobalSection(SolutionConfigurationPlatforms) = preSolution
		Debug|Any CPU = Debug|Any CPU
		Release|Any CPU = Release|Any CPU
	EndGlobalSection
	GlobalSection(ProjectConfigurationPlatforms) = postSolution
		{DCD77B89-49C3-43E6-92AD-20DF9F2E3988}.Debug|Any CPU.ActiveCfg = Debug|Any CPU
		{DCD77B89-49C3-43E6-92AD-20DF9F2E3988}.Debug|Any CPU.Build.0 = Debug|Any CPU
		{DCD77B89-49C3-43E6-92AD-20DF9F2E3988}.Release|Any CPU.ActiveCfg = Release|Any CPU
		{DCD77B89-49C3-43E6-92AD-20DF9F2E3988}.Release|Any CPU.Build.0 = Release|Any CPU
	EndGlobalSection
	GlobalSection(SolutionProperties) = preSolution
		HideSolutionNode = FALSE
	EndGlobalSection
	GlobalSection(ExtensibilityGlobals) = postSolution
		SolutionGuid = {83D8F72B-6858-40D3-B518-F69E9C2C430D}
	EndGlobalSection
EndGlobal
